
Microsoft Visual Studio Solution File, Format Version 12.00
# Visual Studio Version 17
VisualStudioVersion = 17.9.34714.143
MinimumVisualStudioVersion = 16.0.0.0
Project("{9A19103F-16F7-4668-BE54-9A1E7A4F7556}") = "Etsu.Windows", "Etsu.Windows\Etsu.Windows.csproj", "{CC7A7BAD-8821-4516-8C89-C36572F0A08B}"
EndProject
Project("{9A19103F-16F7-4668-BE54-9A1E7A4F7556}") = "Etsu", "Etsu\Etsu.csproj", "{7D6B326C-48A3-4009-B6B9-AE122D407540}"
EndProject
Global
	GlobalSection(SolutionConfigurationPlatforms) = preSolution
		Debug|Any CPU = Debug|Any CPU
		Release|Any CPU = Release|Any CPU
	EndGlobalSection
	GlobalSection(ProjectConfigurationPlatforms) = postSolution
		{CC7A7BAD-8821-4516-8C89-C36572F0A08B}.Debug|Any CPU.ActiveCfg = Debug|Any CPU
		{CC7A7BAD-8821-4516-8C89-C36572F0A08B}.Debug|Any CPU.Build.0 = Debug|Any CPU
		{CC7A7BAD-8821-4516-8C89-C36572F0A08B}.Release|Any CPU.ActiveCfg = Release|Any CPU
		{CC7A7BAD-8821-4516-8C89-C36572F0A08B}.Release|Any CPU.Build.0 = Release|Any CPU
		{7D6B326C-48A3-4009-B6B9-AE122D407540}.Debug|Any CPU.ActiveCfg = Debug|Any CPU
		{7D6B326C-48A3-4009-B6B9-AE122D407540}.Debug|Any CPU.Build.0 = Debug|Any CPU
		{7D6B326C-48A3-4009-B6B9-AE122D407540}.Release|Any CPU.ActiveCfg = Release|Any CPU
		{7D6B326C-48A3-4009-B6B9-AE122D407540}.Release|Any CPU.Build.0 = Release|Any CPU
	EndGlobalSection
	GlobalSection(SolutionProperties) = preSolution
		HideSolutionNode = FALSE
	EndGlobalSection
EndGlobal
